github.com/golang/glog v1.0.0 h1:nfP3RFugxnNRyKgeWd4oI1nYvXpxrx8ck8ZrcizshdQ=
github.com/golang/glog v1.0.0/go.mod h1:EWib/APOK0SL3dFbYqvxE3UYd8E6s1ouQ7iEp/0LWV4=
github.com/jquiterio/uuid v0.0.0-20220102175000-aaf603fae8b4 h1:BsP869NOq0vOKORUAPV2xu6kcPZiejuyTzIOu9dehL0=
github.com/jquiterio/uuid v0.0.0-20220102175000-aaf603fae8b4/go.mod h1:fNENpH/MxqXGf9uK5NclndnDcR7H3nNYr5sCdCzsMGs=
